// !$*UTF8*$!
{
	archiveVersion = 1;
	classes = {
	};
	objectVersion = 52;
	objects = {

/* Begin PBXBuildFile section */
		1AE51DDB2547F3B300CADAC1 /* LoginPage.swift in Sources */ = {isa = PBXBuildFile; fileRef = 1AE51DDA2547F3B300CADAC1 /* LoginPage.swift */; };
		1EBDF3742A11E6A177CD697C /* Pods_PDB_Client_App_PDB_Client_AppUITests.framework in Frameworks */ = {isa = PBXBuildFile; fileRef = 7825AF7A5663FF3A046202A5 /* Pods_PDB_Client_App_PDB_Client_AppUITests.framework */; };
		9733515F2546418600C4BDB9 /* ProgressGalleryPage.swift in Sources */ = {isa = PBXBuildFile; fileRef = 9733515E2546418600C4BDB9 /* ProgressGalleryPage.swift */; };
		97335167254641D500C4BDB9 /* Room.swift in Sources */ = {isa = PBXBuildFile; fileRef = 97335166254641D500C4BDB9 /* Room.swift */; };
		9733A52B2547A8F700DEC9AD /* ImageModel.swift in Sources */ = {isa = PBXBuildFile; fileRef = 9733A52A2547A8F700DEC9AD /* ImageModel.swift */; };
		9733A5302547ACFF00DEC9AD /* TabPage.swift in Sources */ = {isa = PBXBuildFile; fileRef = 9733A52F2547ACFF00DEC9AD /* TabPage.swift */; };
		9733A5352547BED600DEC9AD /* ImagePreviewView.swift in Sources */ = {isa = PBXBuildFile; fileRef = 9733A5342547BED600DEC9AD /* ImagePreviewView.swift */; };
		9733DF33254DE29400710880 /* ChangeOrderPreviewView.swift in Sources */ = {isa = PBXBuildFile; fileRef = 9733DF32254DE29400710880 /* ChangeOrderPreviewView.swift */; };
		9733DF37254DE50400710880 /* SignFormPage.swift in Sources */ = {isa = PBXBuildFile; fileRef = 9733DF36254DE50400710880 /* SignFormPage.swift */; };
		9733E969254CA9BF00034689 /* ASCollectionViewDynamic in Frameworks */ = {isa = PBXBuildFile; productRef = 9733E968254CA9BF00034689 /* ASCollectionViewDynamic */; };
		9733E96A254CA9BF00034689 /* ASCollectionViewDynamic in Embed Frameworks */ = {isa = PBXBuildFile; productRef = 9733E968254CA9BF00034689 /* ASCollectionViewDynamic */; settings = {ATTRIBUTES = (CodeSignOnCopy, ); }; };
		9733E976254CC65A00034689 /* Launch Screen.storyboard in Resources */ = {isa = PBXBuildFile; fileRef = 9733E975254CC65A00034689 /* Launch Screen.storyboard */; };
		9733E97C254CDA6100034689 /* ChangeOrderPage.swift in Sources */ = {isa = PBXBuildFile; fileRef = 9733E97B254CDA6100034689 /* ChangeOrderPage.swift */; };
		9733E980254CDB0A00034689 /* ChangeOrderForm.swift in Sources */ = {isa = PBXBuildFile; fileRef = 9733E97F254CDB0A00034689 /* ChangeOrderForm.swift */; };
		9734397925505B66006A3865 /* User.swift in Sources */ = {isa = PBXBuildFile; fileRef = 9734397825505B66006A3865 /* User.swift */; };
		9734399525523D3D006A3865 /* MessagePage.swift in Sources */ = {isa = PBXBuildFile; fileRef = 9734399425523D3D006A3865 /* MessagePage.swift */; };
		97343999255243E0006A3865 /* MessageView.swift in Sources */ = {isa = PBXBuildFile; fileRef = 97343998255243E0006A3865 /* MessageView.swift */; };
		9734399D255243F2006A3865 /* Message.swift in Sources */ = {isa = PBXBuildFile; fileRef = 9734399C255243F2006A3865 /* Message.swift */; };
		973630272544D353009796F1 /* AppDelegateOLD.swift in Sources */ = {isa = PBXBuildFile; fileRef = 973630262544D353009796F1 /* AppDelegateOLD.swift */; };
		973713902543A96100D11590 /* ProjectSelectionView.swift in Sources */ = {isa = PBXBuildFile; fileRef = 9737138F2543A96100D11590 /* ProjectSelectionView.swift */; };
		973713992543A98C00D11590 /* Project.swift in Sources */ = {isa = PBXBuildFile; fileRef = 973713982543A98C00D11590 /* Project.swift */; };
		973713A82543D1CE00D11590 /* PreviewData.swift in Sources */ = {isa = PBXBuildFile; fileRef = 973713A72543D1CE00D11590 /* PreviewData.swift */; };
		973AEED5254497DA00FCBDD4 /* Client.swift in Sources */ = {isa = PBXBuildFile; fileRef = 973AEED4254497DA00FCBDD4 /* Client.swift */; };
		973AEEDE25449D3900FCBDD4 /* HomePageVM.swift in Sources */ = {isa = PBXBuildFile; fileRef = 973AEEDD25449D3900FCBDD4 /* HomePageVM.swift */; };
		973D8D562541EEAF00FEBB7C /* PDB_Client_App.swift in Sources */ = {isa = PBXBuildFile; fileRef = 973D8D552541EEAF00FEBB7C /* PDB_Client_App.swift */; };
		973D8D582541EEAF00FEBB7C /* ContentView.swift in Sources */ = {isa = PBXBuildFile; fileRef = 973D8D572541EEAF00FEBB7C /* ContentView.swift */; };
		973D8D5A2541EEB000FEBB7C /* Assets.xcassets in Resources */ = {isa = PBXBuildFile; fileRef = 973D8D592541EEB000FEBB7C /* Assets.xcassets */; };
		973D8D5D2541EEB000FEBB7C /* Preview Assets.xcassets in Resources */ = {isa = PBXBuildFile; fileRef = 973D8D5C2541EEB000FEBB7C /* Preview Assets.xcassets */; };
		973D8D682541EEB100FEBB7C /* PDB_Client_AppTests.swift in Sources */ = {isa = PBXBuildFile; fileRef = 973D8D672541EEB100FEBB7C /* PDB_Client_AppTests.swift */; };
		973D8D732541EEB100FEBB7C /* PDB_Client_AppUITests.swift in Sources */ = {isa = PBXBuildFile; fileRef = 973D8D722541EEB100FEBB7C /* PDB_Client_AppUITests.swift */; };
		973D8D8725420C1C00FEBB7C /* HomePage.swift in Sources */ = {isa = PBXBuildFile; fileRef = 973D8D8625420C1C00FEBB7C /* HomePage.swift */; };
		9764600F254A66EB00B6545A /* GoogleService-Info.plist in Resources */ = {isa = PBXBuildFile; fileRef = 9764600E254A66EB00B6545A /* GoogleService-Info.plist */; };
		F2724C562552657100FEFCEE /* AppDelegate.swift in Sources */ = {isa = PBXBuildFile; fileRef = F2724C552552657000FEFCEE /* AppDelegate.swift */; };
		F2724C5C2552658300FEFCEE /* SceneDelegate.swift in Sources */ = {isa = PBXBuildFile; fileRef = F2724C5B2552658300FEFCEE /* SceneDelegate.swift */; };
		F40005956470C5511D9EC023 /* Pods_PDB_Client_App.framework in Frameworks */ = {isa = PBXBuildFile; fileRef = B6E9A3BDF41697952FAFBE77 /* Pods_PDB_Client_App.framework */; };
		FD7DF21F32D66E55211CD8D4 /* Pods_PDB_Client_AppTests.framework in Frameworks */ = {isa = PBXBuildFile; fileRef = ECB783DDDAF062056767313F /* Pods_PDB_Client_AppTests.framework */; };
/* End PBXBuildFile section */

/* Begin PBXContainerItemProxy section */
		973D8D642541EEB000FEBB7C /* PBXContainerItemProxy */ = {
			isa = PBXContainerItemProxy;
			containerPortal = 973D8D4A2541EEAF00FEBB7C /* Project object */;
			proxyType = 1;
			remoteGlobalIDString = 973D8D512541EEAF00FEBB7C;
			remoteInfo = "PDB-Client-App";
		};
		973D8D6F2541EEB100FEBB7C /* PBXContainerItemProxy */ = {
			isa = PBXContainerItemProxy;
			containerPortal = 973D8D4A2541EEAF00FEBB7C /* Project object */;
			proxyType = 1;
			remoteGlobalIDString = 973D8D512541EEAF00FEBB7C;
			remoteInfo = "PDB-Client-App";
		};
/* End PBXContainerItemProxy section */

/* Begin PBXCopyFilesBuildPhase section */
		9733E942254CA69E00034689 /* Embed Frameworks */ = {
			isa = PBXCopyFilesBuildPhase;
			buildActionMask = 2147483647;
			dstPath = "";
			dstSubfolderSpec = 10;
			files = (
				9733E96A254CA9BF00034689 /* ASCollectionViewDynamic in Embed Frameworks */,
			);
			name = "Embed Frameworks";
			runOnlyForDeploymentPostprocessing = 0;
		};
/* End PBXCopyFilesBuildPhase section */

/* Begin PBXFileReference section */
		0E38F84A5C99E015C2D7C144 /* Pods-PDB-Client-AppTests.release.xcconfig */ = {isa = PBXFileReference; includeInIndex = 1; lastKnownFileType = text.xcconfig; name = "Pods-PDB-Client-AppTests.release.xcconfig"; path = "Target Support Files/Pods-PDB-Client-AppTests/Pods-PDB-Client-AppTests.release.xcconfig"; sourceTree = "<group>"; };
		1AE51DDA2547F3B300CADAC1 /* LoginPage.swift */ = {isa = PBXFileReference; lastKnownFileType = sourcecode.swift; path = LoginPage.swift; sourceTree = "<group>"; };
		5C4780D5B0B8F6FB287E9DC3 /* Pods-PDB-Client-AppTests.debug.xcconfig */ = {isa = PBXFileReference; includeInIndex = 1; lastKnownFileType = text.xcconfig; name = "Pods-PDB-Client-AppTests.debug.xcconfig"; path = "Target Support Files/Pods-PDB-Client-AppTests/Pods-PDB-Client-AppTests.debug.xcconfig"; sourceTree = "<group>"; };
		7825AF7A5663FF3A046202A5 /* Pods_PDB_Client_App_PDB_Client_AppUITests.framework */ = {isa = PBXFileReference; explicitFileType = wrapper.framework; includeInIndex = 0; path = Pods_PDB_Client_App_PDB_Client_AppUITests.framework; sourceTree = BUILT_PRODUCTS_DIR; };
		9733515E2546418600C4BDB9 /* ProgressGalleryPage.swift */ = {isa = PBXFileReference; lastKnownFileType = sourcecode.swift; path = ProgressGalleryPage.swift; sourceTree = "<group>"; };
		97335166254641D500C4BDB9 /* Room.swift */ = {isa = PBXFileReference; lastKnownFileType = sourcecode.swift; path = Room.swift; sourceTree = "<group>"; };
		9733A52A2547A8F700DEC9AD /* ImageModel.swift */ = {isa = PBXFileReference; lastKnownFileType = sourcecode.swift; path = ImageModel.swift; sourceTree = "<group>"; };
		9733A52F2547ACFF00DEC9AD /* TabPage.swift */ = {isa = PBXFileReference; lastKnownFileType = sourcecode.swift; path = TabPage.swift; sourceTree = "<group>"; };
		9733A5342547BED600DEC9AD /* ImagePreviewView.swift */ = {isa = PBXFileReference; lastKnownFileType = sourcecode.swift; path = ImagePreviewView.swift; sourceTree = "<group>"; };
		9733DF32254DE29400710880 /* ChangeOrderPreviewView.swift */ = {isa = PBXFileReference; lastKnownFileType = sourcecode.swift; path = ChangeOrderPreviewView.swift; sourceTree = "<group>"; };
		9733DF36254DE50400710880 /* SignFormPage.swift */ = {isa = PBXFileReference; lastKnownFileType = sourcecode.swift; path = SignFormPage.swift; sourceTree = "<group>"; };
		9733E975254CC65A00034689 /* Launch Screen.storyboard */ = {isa = PBXFileReference; lastKnownFileType = file.storyboard; path = "Launch Screen.storyboard"; sourceTree = "<group>"; };
		9733E97B254CDA6100034689 /* ChangeOrderPage.swift */ = {isa = PBXFileReference; lastKnownFileType = sourcecode.swift; path = ChangeOrderPage.swift; sourceTree = "<group>"; };
		9733E97F254CDB0A00034689 /* ChangeOrderForm.swift */ = {isa = PBXFileReference; lastKnownFileType = sourcecode.swift; path = ChangeOrderForm.swift; sourceTree = "<group>"; };
		9734397825505B66006A3865 /* User.swift */ = {isa = PBXFileReference; fileEncoding = 4; lastKnownFileType = sourcecode.swift; path = User.swift; sourceTree = "<group>"; };
		9734399425523D3D006A3865 /* MessagePage.swift */ = {isa = PBXFileReference; lastKnownFileType = sourcecode.swift; path = MessagePage.swift; sourceTree = "<group>"; };
		97343998255243E0006A3865 /* MessageView.swift */ = {isa = PBXFileReference; lastKnownFileType = sourcecode.swift; path = MessageView.swift; sourceTree = "<group>"; };
		9734399C255243F2006A3865 /* Message.swift */ = {isa = PBXFileReference; lastKnownFileType = sourcecode.swift; path = Message.swift; sourceTree = "<group>"; };
		973630262544D353009796F1 /* AppDelegateOLD.swift */ = {isa = PBXFileReference; lastKnownFileType = sourcecode.swift; path = AppDelegateOLD.swift; sourceTree = "<group>"; };
		9737138F2543A96100D11590 /* ProjectSelectionView.swift */ = {isa = PBXFileReference; lastKnownFileType = sourcecode.swift; path = ProjectSelectionView.swift; sourceTree = "<group>"; };
		973713982543A98C00D11590 /* Project.swift */ = {isa = PBXFileReference; lastKnownFileType = sourcecode.swift; path = Project.swift; sourceTree = "<group>"; };
		973713A72543D1CE00D11590 /* PreviewData.swift */ = {isa = PBXFileReference; lastKnownFileType = sourcecode.swift; path = PreviewData.swift; sourceTree = "<group>"; };
		973AEED4254497DA00FCBDD4 /* Client.swift */ = {isa = PBXFileReference; lastKnownFileType = sourcecode.swift; path = Client.swift; sourceTree = "<group>"; };
		973AEEDD25449D3900FCBDD4 /* HomePageVM.swift */ = {isa = PBXFileReference; lastKnownFileType = sourcecode.swift; path = HomePageVM.swift; sourceTree = "<group>"; };
		973D8D522541EEAF00FEBB7C /* PDB-Client-App.app */ = {isa = PBXFileReference; explicitFileType = wrapper.application; includeInIndex = 0; path = "PDB-Client-App.app"; sourceTree = BUILT_PRODUCTS_DIR; };
		973D8D552541EEAF00FEBB7C /* PDB_Client_App.swift */ = {isa = PBXFileReference; lastKnownFileType = sourcecode.swift; path = PDB_Client_App.swift; sourceTree = "<group>"; };
		973D8D572541EEAF00FEBB7C /* ContentView.swift */ = {isa = PBXFileReference; lastKnownFileType = sourcecode.swift; path = ContentView.swift; sourceTree = "<group>"; };
		973D8D592541EEB000FEBB7C /* Assets.xcassets */ = {isa = PBXFileReference; lastKnownFileType = folder.assetcatalog; path = Assets.xcassets; sourceTree = "<group>"; };
		973D8D5C2541EEB000FEBB7C /* Preview Assets.xcassets */ = {isa = PBXFileReference; lastKnownFileType = folder.assetcatalog; path = "Preview Assets.xcassets"; sourceTree = "<group>"; };
		973D8D5E2541EEB000FEBB7C /* Info.plist */ = {isa = PBXFileReference; lastKnownFileType = text.plist.xml; path = Info.plist; sourceTree = "<group>"; };
		973D8D632541EEB000FEBB7C /* PDB-Client-AppTests.xctest */ = {isa = PBXFileReference; explicitFileType = wrapper.cfbundle; includeInIndex = 0; path = "PDB-Client-AppTests.xctest"; sourceTree = BUILT_PRODUCTS_DIR; };
		973D8D672541EEB100FEBB7C /* PDB_Client_AppTests.swift */ = {isa = PBXFileReference; lastKnownFileType = sourcecode.swift; path = PDB_Client_AppTests.swift; sourceTree = "<group>"; };
		973D8D692541EEB100FEBB7C /* Info.plist */ = {isa = PBXFileReference; lastKnownFileType = text.plist.xml; path = Info.plist; sourceTree = "<group>"; };
		973D8D6E2541EEB100FEBB7C /* PDB-Client-AppUITests.xctest */ = {isa = PBXFileReference; explicitFileType = wrapper.cfbundle; includeInIndex = 0; path = "PDB-Client-AppUITests.xctest"; sourceTree = BUILT_PRODUCTS_DIR; };
		973D8D722541EEB100FEBB7C /* PDB_Client_AppUITests.swift */ = {isa = PBXFileReference; lastKnownFileType = sourcecode.swift; path = PDB_Client_AppUITests.swift; sourceTree = "<group>"; };
		973D8D742541EEB100FEBB7C /* Info.plist */ = {isa = PBXFileReference; lastKnownFileType = text.plist.xml; path = Info.plist; sourceTree = "<group>"; };
		973D8D8625420C1C00FEBB7C /* HomePage.swift */ = {isa = PBXFileReference; lastKnownFileType = sourcecode.swift; path = HomePage.swift; sourceTree = "<group>"; };
		9764600E254A66EB00B6545A /* GoogleService-Info.plist */ = {isa = PBXFileReference; fileEncoding = 4; lastKnownFileType = text.plist.xml; name = "GoogleService-Info.plist"; path = "../../../Downloads/GoogleService-Info.plist"; sourceTree = "<group>"; };
		B6E9A3BDF41697952FAFBE77 /* Pods_PDB_Client_App.framework */ = {isa = PBXFileReference; explicitFileType = wrapper.framework; includeInIndex = 0; path = Pods_PDB_Client_App.framework; sourceTree = BUILT_PRODUCTS_DIR; };
		BAC3964845FAD049D0501F66 /* Pods-PDB-Client-App-PDB-Client-AppUITests.debug.xcconfig */ = {isa = PBXFileReference; includeInIndex = 1; lastKnownFileType = text.xcconfig; name = "Pods-PDB-Client-App-PDB-Client-AppUITests.debug.xcconfig"; path = "Target Support Files/Pods-PDB-Client-App-PDB-Client-AppUITests/Pods-PDB-Client-App-PDB-Client-AppUITests.debug.xcconfig"; sourceTree = "<group>"; };
		CC7897901C9391C830B73DA1 /* Pods-PDB-Client-App.release.xcconfig */ = {isa = PBXFileReference; includeInIndex = 1; lastKnownFileType = text.xcconfig; name = "Pods-PDB-Client-App.release.xcconfig"; path = "Target Support Files/Pods-PDB-Client-App/Pods-PDB-Client-App.release.xcconfig"; sourceTree = "<group>"; };
		CFC95AB9BAA0D62262E985A1 /* Pods-PDB-Client-App-PDB-Client-AppUITests.release.xcconfig */ = {isa = PBXFileReference; includeInIndex = 1; lastKnownFileType = text.xcconfig; name = "Pods-PDB-Client-App-PDB-Client-AppUITests.release.xcconfig"; path = "Target Support Files/Pods-PDB-Client-App-PDB-Client-AppUITests/Pods-PDB-Client-App-PDB-Client-AppUITests.release.xcconfig"; sourceTree = "<group>"; };
		ECB783DDDAF062056767313F /* Pods_PDB_Client_AppTests.framework */ = {isa = PBXFileReference; explicitFileType = wrapper.framework; includeInIndex = 0; path = Pods_PDB_Client_AppTests.framework; sourceTree = BUILT_PRODUCTS_DIR; };
		F2724C552552657000FEFCEE /* AppDelegate.swift */ = {isa = PBXFileReference; fileEncoding = 4; lastKnownFileType = sourcecode.swift; name = AppDelegate.swift; path = ../../AppDelegate.swift; sourceTree = "<group>"; };
		F2724C5B2552658300FEFCEE /* SceneDelegate.swift */ = {isa = PBXFileReference; fileEncoding = 4; lastKnownFileType = sourcecode.swift; name = SceneDelegate.swift; path = ../../SceneDelegate.swift; sourceTree = "<group>"; };
		F303DBEE65D507DFEEE72F4A /* Pods-PDB-Client-App.debug.xcconfig */ = {isa = PBXFileReference; includeInIndex = 1; lastKnownFileType = text.xcconfig; name = "Pods-PDB-Client-App.debug.xcconfig"; path = "Target Support Files/Pods-PDB-Client-App/Pods-PDB-Client-App.debug.xcconfig"; sourceTree = "<group>"; };
/* End PBXFileReference section */

/* Begin PBXFrameworksBuildPhase section */
		973D8D4F2541EEAF00FEBB7C /* Frameworks */ = {
			isa = PBXFrameworksBuildPhase;
			buildActionMask = 2147483647;
			files = (
				F40005956470C5511D9EC023 /* Pods_PDB_Client_App.framework in Frameworks */,
				9733E969254CA9BF00034689 /* ASCollectionViewDynamic in Frameworks */,
			);
			runOnlyForDeploymentPostprocessing = 0;
		};
		973D8D602541EEB000FEBB7C /* Frameworks */ = {
			isa = PBXFrameworksBuildPhase;
			buildActionMask = 2147483647;
			files = (
				FD7DF21F32D66E55211CD8D4 /* Pods_PDB_Client_AppTests.framework in Frameworks */,
			);
			runOnlyForDeploymentPostprocessing = 0;
		};
		973D8D6B2541EEB100FEBB7C /* Frameworks */ = {
			isa = PBXFrameworksBuildPhase;
			buildActionMask = 2147483647;
			files = (
				1EBDF3742A11E6A177CD697C /* Pods_PDB_Client_App_PDB_Client_AppUITests.framework in Frameworks */,
			);
			runOnlyForDeploymentPostprocessing = 0;
		};
/* End PBXFrameworksBuildPhase section */

/* Begin PBXGroup section */
		0FCD6074870A5412969BCB31 /* Frameworks */ = {
			isa = PBXGroup;
			children = (
				B6E9A3BDF41697952FAFBE77 /* Pods_PDB_Client_App.framework */,
				7825AF7A5663FF3A046202A5 /* Pods_PDB_Client_App_PDB_Client_AppUITests.framework */,
				ECB783DDDAF062056767313F /* Pods_PDB_Client_AppTests.framework */,
			);
			name = Frameworks;
			sourceTree = "<group>";
		};
		94E88014BC2B3A5AABE2555A /* Pods */ = {
			isa = PBXGroup;
			children = (
				F303DBEE65D507DFEEE72F4A /* Pods-PDB-Client-App.debug.xcconfig */,
				CC7897901C9391C830B73DA1 /* Pods-PDB-Client-App.release.xcconfig */,
				BAC3964845FAD049D0501F66 /* Pods-PDB-Client-App-PDB-Client-AppUITests.debug.xcconfig */,
				CFC95AB9BAA0D62262E985A1 /* Pods-PDB-Client-App-PDB-Client-AppUITests.release.xcconfig */,
				5C4780D5B0B8F6FB287E9DC3 /* Pods-PDB-Client-AppTests.debug.xcconfig */,
				0E38F84A5C99E015C2D7C144 /* Pods-PDB-Client-AppTests.release.xcconfig */,
			);
			path = Pods;
			sourceTree = "<group>";
		};
		9737138E2543A93E00D11590 /* Views */ = {
			isa = PBXGroup;
			children = (
				9737138F2543A96100D11590 /* ProjectSelectionView.swift */,
				9733A5342547BED600DEC9AD /* ImagePreviewView.swift */,
				9733DF32254DE29400710880 /* ChangeOrderPreviewView.swift */,
				97343998255243E0006A3865 /* MessageView.swift */,
			);
			path = Views;
			sourceTree = "<group>";
		};
		973713972543A97300D11590 /* Models */ = {
			isa = PBXGroup;
			children = (
				973713982543A98C00D11590 /* Project.swift */,
				973AEED4254497DA00FCBDD4 /* Client.swift */,
				97335166254641D500C4BDB9 /* Room.swift */,
				9733A52A2547A8F700DEC9AD /* ImageModel.swift */,
				9734397825505B66006A3865 /* User.swift */,
				9733E97F254CDB0A00034689 /* ChangeOrderForm.swift */,
				9734399C255243F2006A3865 /* Message.swift */,
			);
			path = Models;
			sourceTree = "<group>";
		};
		973713A62543D1B900D11590 /* PreviewData */ = {
			isa = PBXGroup;
			children = (
				973713A72543D1CE00D11590 /* PreviewData.swift */,
			);
			path = PreviewData;
			sourceTree = "<group>";
		};
		973AEED925449D2B00FCBDD4 /* ViewModels */ = {
			isa = PBXGroup;
			children = (
				973AEEDD25449D3900FCBDD4 /* HomePageVM.swift */,
			);
			path = ViewModels;
			sourceTree = "<group>";
		};
		973D8D492541EEAF00FEBB7C = {
			isa = PBXGroup;
			children = (
				973D8D542541EEAF00FEBB7C /* PDB-Client-App */,
				973D8D662541EEB100FEBB7C /* PDB-Client-AppTests */,
				973D8D712541EEB100FEBB7C /* PDB-Client-AppUITests */,
				973D8D532541EEAF00FEBB7C /* Products */,
				94E88014BC2B3A5AABE2555A /* Pods */,
				0FCD6074870A5412969BCB31 /* Frameworks */,
			);
			sourceTree = "<group>";
		};
		973D8D532541EEAF00FEBB7C /* Products */ = {
			isa = PBXGroup;
			children = (
				973D8D522541EEAF00FEBB7C /* PDB-Client-App.app */,
				973D8D632541EEB000FEBB7C /* PDB-Client-AppTests.xctest */,
				973D8D6E2541EEB100FEBB7C /* PDB-Client-AppUITests.xctest */,
			);
			name = Products;
			sourceTree = "<group>";
		};
		973D8D542541EEAF00FEBB7C /* PDB-Client-App */ = {
			isa = PBXGroup;
			children = (
				973AEED925449D2B00FCBDD4 /* ViewModels */,
				973713972543A97300D11590 /* Models */,
				9737138E2543A93E00D11590 /* Views */,
				973D8D8B25420C2400FEBB7C /* Pages */,
				973D8D552541EEAF00FEBB7C /* PDB_Client_App.swift */,
				9764600E254A66EB00B6545A /* GoogleService-Info.plist */,
				F2724C552552657000FEFCEE /* AppDelegate.swift */,
				F2724C5B2552658300FEFCEE /* SceneDelegate.swift */,
				973630262544D353009796F1 /* AppDelegateOLD.swift */,
				973D8D572541EEAF00FEBB7C /* ContentView.swift */,
				9733E975254CC65A00034689 /* Launch Screen.storyboard */,
				973D8D592541EEB000FEBB7C /* Assets.xcassets */,
				973D8D5E2541EEB000FEBB7C /* Info.plist */,
				973D8D5B2541EEB000FEBB7C /* Preview Content */,
			);
			path = "PDB-Client-App";
			sourceTree = "<group>";
		};
		973D8D5B2541EEB000FEBB7C /* Preview Content */ = {
			isa = PBXGroup;
			children = (
				973713A62543D1B900D11590 /* PreviewData */,
				973D8D5C2541EEB000FEBB7C /* Preview Assets.xcassets */,
			);
			path = "Preview Content";
			sourceTree = "<group>";
		};
		973D8D662541EEB100FEBB7C /* PDB-Client-AppTests */ = {
			isa = PBXGroup;
			children = (
				973D8D672541EEB100FEBB7C /* PDB_Client_AppTests.swift */,
				973D8D692541EEB100FEBB7C /* Info.plist */,
			);
			path = "PDB-Client-AppTests";
			sourceTree = "<group>";
		};
		973D8D712541EEB100FEBB7C /* PDB-Client-AppUITests */ = {
			isa = PBXGroup;
			children = (
				973D8D722541EEB100FEBB7C /* PDB_Client_AppUITests.swift */,
				973D8D742541EEB100FEBB7C /* Info.plist */,
			);
			path = "PDB-Client-AppUITests";
			sourceTree = "<group>";
		};
		973D8D8B25420C2400FEBB7C /* Pages */ = {
			isa = PBXGroup;
			children = (
				973D8D8625420C1C00FEBB7C /* HomePage.swift */,
				9733515E2546418600C4BDB9 /* ProgressGalleryPage.swift */,
				9733A52F2547ACFF00DEC9AD /* TabPage.swift */,
				1AE51DDA2547F3B300CADAC1 /* LoginPage.swift */,
				9733E97B254CDA6100034689 /* ChangeOrderPage.swift */,
				9733DF36254DE50400710880 /* SignFormPage.swift */,
				9734399425523D3D006A3865 /* MessagePage.swift */,
			);
			path = Pages;
			sourceTree = "<group>";
		};
/* End PBXGroup section */

/* Begin PBXNativeTarget section */
		973D8D512541EEAF00FEBB7C /* PDB-Client-App */ = {
			isa = PBXNativeTarget;
			buildConfigurationList = 973D8D772541EEB100FEBB7C /* Build configuration list for PBXNativeTarget "PDB-Client-App" */;
			buildPhases = (
				81A5A79E42B021833F634CEE /* [CP] Check Pods Manifest.lock */,
				973D8D4E2541EEAF00FEBB7C /* Sources */,
				973D8D4F2541EEAF00FEBB7C /* Frameworks */,
				973D8D502541EEAF00FEBB7C /* Resources */,
				B10467A120C692CB19584AAE /* [CP] Embed Pods Frameworks */,
				9733E942254CA69E00034689 /* Embed Frameworks */,
			);
			buildRules = (
			);
			dependencies = (
			);
			name = "PDB-Client-App";
			packageProductDependencies = (
				9733E968254CA9BF00034689 /* ASCollectionViewDynamic */,
			);
			productName = "PDB-Client-App";
			productReference = 973D8D522541EEAF00FEBB7C /* PDB-Client-App.app */;
			productType = "com.apple.product-type.application";
		};
		973D8D622541EEB000FEBB7C /* PDB-Client-AppTests */ = {
			isa = PBXNativeTarget;
			buildConfigurationList = 973D8D7A2541EEB100FEBB7C /* Build configuration list for PBXNativeTarget "PDB-Client-AppTests" */;
			buildPhases = (
				FCFB513F77FA04036BA7B374 /* [CP] Check Pods Manifest.lock */,
				973D8D5F2541EEB000FEBB7C /* Sources */,
				973D8D602541EEB000FEBB7C /* Frameworks */,
				973D8D612541EEB000FEBB7C /* Resources */,
			);
			buildRules = (
			);
			dependencies = (
				973D8D652541EEB000FEBB7C /* PBXTargetDependency */,
			);
			name = "PDB-Client-AppTests";
			productName = "PDB-Client-AppTests";
			productReference = 973D8D632541EEB000FEBB7C /* PDB-Client-AppTests.xctest */;
			productType = "com.apple.product-type.bundle.unit-test";
		};
		973D8D6D2541EEB100FEBB7C /* PDB-Client-AppUITests */ = {
			isa = PBXNativeTarget;
			buildConfigurationList = 973D8D7D2541EEB100FEBB7C /* Build configuration list for PBXNativeTarget "PDB-Client-AppUITests" */;
			buildPhases = (
				31B84200615CA5BEE2C10F8C /* [CP] Check Pods Manifest.lock */,
				973D8D6A2541EEB100FEBB7C /* Sources */,
				973D8D6B2541EEB100FEBB7C /* Frameworks */,
				973D8D6C2541EEB100FEBB7C /* Resources */,
				2AD3C6954F19336FBC7819E0 /* [CP] Embed Pods Frameworks */,
			);
			buildRules = (
			);
			dependencies = (
				973D8D702541EEB100FEBB7C /* PBXTargetDependency */,
			);
			name = "PDB-Client-AppUITests";
			productName = "PDB-Client-AppUITests";
			productReference = 973D8D6E2541EEB100FEBB7C /* PDB-Client-AppUITests.xctest */;
			productType = "com.apple.product-type.bundle.ui-testing";
		};
/* End PBXNativeTarget section */

/* Begin PBXProject section */
		973D8D4A2541EEAF00FEBB7C /* Project object */ = {
			isa = PBXProject;
			attributes = {
				LastSwiftUpdateCheck = 1210;
				LastUpgradeCheck = 1210;
				TargetAttributes = {
					973D8D512541EEAF00FEBB7C = {
						CreatedOnToolsVersion = 12.1;
					};
					973D8D622541EEB000FEBB7C = {
						CreatedOnToolsVersion = 12.1;
						TestTargetID = 973D8D512541EEAF00FEBB7C;
					};
					973D8D6D2541EEB100FEBB7C = {
						CreatedOnToolsVersion = 12.1;
						TestTargetID = 973D8D512541EEAF00FEBB7C;
					};
				};
			};
			buildConfigurationList = 973D8D4D2541EEAF00FEBB7C /* Build configuration list for PBXProject "PDB-Client-App" */;
			compatibilityVersion = "Xcode 9.3";
			developmentRegion = en;
			hasScannedForEncodings = 0;
			knownRegions = (
				en,
				Base,
			);
			mainGroup = 973D8D492541EEAF00FEBB7C;
			packageReferences = (
				9733E967254CA9BF00034689 /* XCRemoteSwiftPackageReference "ASCollectionView" */,
			);
			productRefGroup = 973D8D532541EEAF00FEBB7C /* Products */;
			projectDirPath = "";
			projectRoot = "";
			targets = (
				973D8D512541EEAF00FEBB7C /* PDB-Client-App */,
				973D8D622541EEB000FEBB7C /* PDB-Client-AppTests */,
				973D8D6D2541EEB100FEBB7C /* PDB-Client-AppUITests */,
			);
		};
/* End PBXProject section */

/* Begin PBXResourcesBuildPhase section */
		973D8D502541EEAF00FEBB7C /* Resources */ = {
			isa = PBXResourcesBuildPhase;
			buildActionMask = 2147483647;
			files = (
				973D8D5D2541EEB000FEBB7C /* Preview Assets.xcassets in Resources */,
				9764600F254A66EB00B6545A /* GoogleService-Info.plist in Resources */,
				9733E976254CC65A00034689 /* Launch Screen.storyboard in Resources */,
				973D8D5A2541EEB000FEBB7C /* Assets.xcassets in Resources */,
			);
			runOnlyForDeploymentPostprocessing = 0;
		};
		973D8D612541EEB000FEBB7C /* Resources */ = {
			isa = PBXResourcesBuildPhase;
			buildActionMask = 2147483647;
			files = (
			);
			runOnlyForDeploymentPostprocessing = 0;
		};
		973D8D6C2541EEB100FEBB7C /* Resources */ = {
			isa = PBXResourcesBuildPhase;
			buildActionMask = 2147483647;
			files = (
			);
			runOnlyForDeploymentPostprocessing = 0;
		};
/* End PBXResourcesBuildPhase section */

/* Begin PBXShellScriptBuildPhase section */
		2AD3C6954F19336FBC7819E0 /* [CP] Embed Pods Frameworks */ = {
			isa = PBXShellScriptBuildPhase;
			buildActionMask = 2147483647;
			files = (
			);
			inputFileListPaths = (
				"${PODS_ROOT}/Target Support Files/Pods-PDB-Client-App-PDB-Client-AppUITests/Pods-PDB-Client-App-PDB-Client-AppUITests-frameworks-${CONFIGURATION}-input-files.xcfilelist",
			);
			name = "[CP] Embed Pods Frameworks";
			outputFileListPaths = (
				"${PODS_ROOT}/Target Support Files/Pods-PDB-Client-App-PDB-Client-AppUITests/Pods-PDB-Client-App-PDB-Client-AppUITests-frameworks-${CONFIGURATION}-output-files.xcfilelist",
			);
			runOnlyForDeploymentPostprocessing = 0;
			shellPath = /bin/sh;
			shellScript = "\"${PODS_ROOT}/Target Support Files/Pods-PDB-Client-App-PDB-Client-AppUITests/Pods-PDB-Client-App-PDB-Client-AppUITests-frameworks.sh\"\n";
			showEnvVarsInLog = 0;
		};
		31B84200615CA5BEE2C10F8C /* [CP] Check Pods Manifest.lock */ = {
			isa = PBXShellScriptBuildPhase;
			buildActionMask = 2147483647;
			files = (
			);
			inputFileListPaths = (
			);
			inputPaths = (
				"${PODS_PODFILE_DIR_PATH}/Podfile.lock",
				"${PODS_ROOT}/Manifest.lock",
			);
			name = "[CP] Check Pods Manifest.lock";
			outputFileListPaths = (
			);
			outputPaths = (
				"$(DERIVED_FILE_DIR)/Pods-PDB-Client-App-PDB-Client-AppUITests-checkManifestLockResult.txt",
			);
			runOnlyForDeploymentPostprocessing = 0;
			shellPath = /bin/sh;
			shellScript = "diff \"${PODS_PODFILE_DIR_PATH}/Podfile.lock\" \"${PODS_ROOT}/Manifest.lock\" > /dev/null\nif [ $? != 0 ] ; then\n    # print error to STDERR\n    echo \"error: The sandbox is not in sync with the Podfile.lock. Run 'pod install' or update your CocoaPods installation.\" >&2\n    exit 1\nfi\n# This output is used by Xcode 'outputs' to avoid re-running this script phase.\necho \"SUCCESS\" > \"${SCRIPT_OUTPUT_FILE_0}\"\n";
			showEnvVarsInLog = 0;
		};
		81A5A79E42B021833F634CEE /* [CP] Check Pods Manifest.lock */ = {
			isa = PBXShellScriptBuildPhase;
			buildActionMask = 2147483647;
			files = (
			);
			inputFileListPaths = (
			);
			inputPaths = (
				"${PODS_PODFILE_DIR_PATH}/Podfile.lock",
				"${PODS_ROOT}/Manifest.lock",
			);
			name = "[CP] Check Pods Manifest.lock";
			outputFileListPaths = (
			);
			outputPaths = (
				"$(DERIVED_FILE_DIR)/Pods-PDB-Client-App-checkManifestLockResult.txt",
			);
			runOnlyForDeploymentPostprocessing = 0;
			shellPath = /bin/sh;
			shellScript = "diff \"${PODS_PODFILE_DIR_PATH}/Podfile.lock\" \"${PODS_ROOT}/Manifest.lock\" > /dev/null\nif [ $? != 0 ] ; then\n    # print error to STDERR\n    echo \"error: The sandbox is not in sync with the Podfile.lock. Run 'pod install' or update your CocoaPods installation.\" >&2\n    exit 1\nfi\n# This output is used by Xcode 'outputs' to avoid re-running this script phase.\necho \"SUCCESS\" > \"${SCRIPT_OUTPUT_FILE_0}\"\n";
			showEnvVarsInLog = 0;
		};
		B10467A120C692CB19584AAE /* [CP] Embed Pods Frameworks */ = {
			isa = PBXShellScriptBuildPhase;
			buildActionMask = 2147483647;
			files = (
			);
			inputFileListPaths = (
				"${PODS_ROOT}/Target Support Files/Pods-PDB-Client-App/Pods-PDB-Client-App-frameworks-${CONFIGURATION}-input-files.xcfilelist",
			);
			name = "[CP] Embed Pods Frameworks";
			outputFileListPaths = (
				"${PODS_ROOT}/Target Support Files/Pods-PDB-Client-App/Pods-PDB-Client-App-frameworks-${CONFIGURATION}-output-files.xcfilelist",
			);
			runOnlyForDeploymentPostprocessing = 0;
			shellPath = /bin/sh;
			shellScript = "\"${PODS_ROOT}/Target Support Files/Pods-PDB-Client-App/Pods-PDB-Client-App-frameworks.sh\"\n";
			showEnvVarsInLog = 0;
		};
		FCFB513F77FA04036BA7B374 /* [CP] Check Pods Manifest.lock */ = {
			isa = PBXShellScriptBuildPhase;
			buildActionMask = 2147483647;
			files = (
			);
			inputFileListPaths = (
			);
			inputPaths = (
				"${PODS_PODFILE_DIR_PATH}/Podfile.lock",
				"${PODS_ROOT}/Manifest.lock",
			);
			name = "[CP] Check Pods Manifest.lock";
			outputFileListPaths = (
			);
			outputPaths = (
				"$(DERIVED_FILE_DIR)/Pods-PDB-Client-AppTests-checkManifestLockResult.txt",
			);
			runOnlyForDeploymentPostprocessing = 0;
			shellPath = /bin/sh;
			shellScript = "diff \"${PODS_PODFILE_DIR_PATH}/Podfile.lock\" \"${PODS_ROOT}/Manifest.lock\" > /dev/null\nif [ $? != 0 ] ; then\n    # print error to STDERR\n    echo \"error: The sandbox is not in sync with the Podfile.lock. Run 'pod install' or update your CocoaPods installation.\" >&2\n    exit 1\nfi\n# This output is used by Xcode 'outputs' to avoid re-running this script phase.\necho \"SUCCESS\" > \"${SCRIPT_OUTPUT_FILE_0}\"\n";
			showEnvVarsInLog = 0;
		};
/* End PBXShellScriptBuildPhase section */

/* Begin PBXSourcesBuildPhase section */
		973D8D4E2541EEAF00FEBB7C /* Sources */ = {
			isa = PBXSourcesBuildPhase;
			buildActionMask = 2147483647;
			files = (
				1AE51DDB2547F3B300CADAC1 /* LoginPage.swift in Sources */,
				9733DF33254DE29400710880 /* ChangeOrderPreviewView.swift in Sources */,
				973713A82543D1CE00D11590 /* PreviewData.swift in Sources */,
				9733A5352547BED600DEC9AD /* ImagePreviewView.swift in Sources */,
				973713902543A96100D11590 /* ProjectSelectionView.swift in Sources */,
				97335167254641D500C4BDB9 /* Room.swift in Sources */,
				9733515F2546418600C4BDB9 /* ProgressGalleryPage.swift in Sources */,
				9734399D255243F2006A3865 /* Message.swift in Sources */,
				F2724C562552657100FEFCEE /* AppDelegate.swift in Sources */,
				9733A5302547ACFF00DEC9AD /* TabPage.swift in Sources */,
				973D8D582541EEAF00FEBB7C /* ContentView.swift in Sources */,
				973D8D8725420C1C00FEBB7C /* HomePage.swift in Sources */,
				9734397925505B66006A3865 /* User.swift in Sources */,
				973713992543A98C00D11590 /* Project.swift in Sources */,
				97343999255243E0006A3865 /* MessageView.swift in Sources */,
				9733E980254CDB0A00034689 /* ChangeOrderForm.swift in Sources */,
				973AEEDE25449D3900FCBDD4 /* HomePageVM.swift in Sources */,
				973D8D562541EEAF00FEBB7C /* PDB_Client_App.swift in Sources */,
				973AEED5254497DA00FCBDD4 /* Client.swift in Sources */,
				9733E97C254CDA6100034689 /* ChangeOrderPage.swift in Sources */,
				F2724C5C2552658300FEFCEE /* SceneDelegate.swift in Sources */,
				973630272544D353009796F1 /* AppDelegateOLD.swift in Sources */,
				9733A52B2547A8F700DEC9AD /* ImageModel.swift in Sources */,
				9734399525523D3D006A3865 /* MessagePage.swift in Sources */,
				9733DF37254DE50400710880 /* SignFormPage.swift in Sources */,
			);
			runOnlyForDeploymentPostprocessing = 0;
		};
		973D8D5F2541EEB000FEBB7C /* Sources */ = {
			isa = PBXSourcesBuildPhase;
			buildActionMask = 2147483647;
			files = (
				973D8D682541EEB100FEBB7C /* PDB_Client_AppTests.swift in Sources */,
			);
			runOnlyForDeploymentPostprocessing = 0;
		};
		973D8D6A2541EEB100FEBB7C /* Sources */ = {
			isa = PBXSourcesBuildPhase;
			buildActionMask = 2147483647;
			files = (
				973D8D732541EEB100FEBB7C /* PDB_Client_AppUITests.swift in Sources */,
			);
			runOnlyForDeploymentPostprocessing = 0;
		};
/* End PBXSourcesBuildPhase section */

/* Begin PBXTargetDependency section */
		973D8D652541EEB000FEBB7C /* PBXTargetDependency */ = {
			isa = PBXTargetDependency;
			target = 973D8D512541EEAF00FEBB7C /* PDB-Client-App */;
			targetProxy = 973D8D642541EEB000FEBB7C /* PBXContainerItemProxy */;
		};
		973D8D702541EEB100FEBB7C /* PBXTargetDependency */ = {
			isa = PBXTargetDependency;
			target = 973D8D512541EEAF00FEBB7C /* PDB-Client-App */;
			targetProxy = 973D8D6F2541EEB100FEBB7C /* PBXContainerItemProxy */;
		};
/* End PBXTargetDependency section */

/* Begin XCBuildConfiguration section */
		973D8D752541EEB100FEBB7C /* Debug */ = {
			isa = XCBuildConfiguration;
			buildSettings = {
				ALWAYS_SEARCH_USER_PATHS = NO;
				CLANG_ANALYZER_NONNULL = YES;
				CLANG_ANALYZER_NUMBER_OBJECT_CONVERSION = YES_AGGRESSIVE;
				CLANG_CXX_LANGUAGE_STANDARD = "gnu++14";
				CLANG_CXX_LIBRARY = "libc++";
				CLANG_ENABLE_MODULES = YES;
				CLANG_ENABLE_OBJC_ARC = YES;
				CLANG_ENABLE_OBJC_WEAK = YES;
				CLANG_WARN_BLOCK_CAPTURE_AUTORELEASING = YES;
				CLANG_WARN_BOOL_CONVERSION = YES;
				CLANG_WARN_COMMA = YES;
				CLANG_WARN_CONSTANT_CONVERSION = YES;
				CLANG_WARN_DEPRECATED_OBJC_IMPLEMENTATIONS = YES;
				CLANG_WARN_DIRECT_OBJC_ISA_USAGE = YES_ERROR;
				CLANG_WARN_DOCUMENTATION_COMMENTS = YES;
				CLANG_WARN_EMPTY_BODY = YES;
				CLANG_WARN_ENUM_CONVERSION = YES;
				CLANG_WARN_INFINITE_RECURSION = YES;
				CLANG_WARN_INT_CONVERSION = YES;
				CLANG_WARN_NON_LITERAL_NULL_CONVERSION = YES;
				CLANG_WARN_OBJC_IMPLICIT_RETAIN_SELF = YES;
				CLANG_WARN_OBJC_LITERAL_CONVERSION = YES;
				CLANG_WARN_OBJC_ROOT_CLASS = YES_ERROR;
				CLANG_WARN_QUOTED_INCLUDE_IN_FRAMEWORK_HEADER = YES;
				CLANG_WARN_RANGE_LOOP_ANALYSIS = YES;
				CLANG_WARN_STRICT_PROTOTYPES = YES;
				CLANG_WARN_SUSPICIOUS_MOVE = YES;
				CLANG_WARN_UNGUARDED_AVAILABILITY = YES_AGGRESSIVE;
				CLANG_WARN_UNREACHABLE_CODE = YES;
				CLANG_WARN__DUPLICATE_METHOD_MATCH = YES;
				COPY_PHASE_STRIP = NO;
				DEBUG_INFORMATION_FORMAT = dwarf;
				ENABLE_STRICT_OBJC_MSGSEND = YES;
				ENABLE_TESTABILITY = YES;
				GCC_C_LANGUAGE_STANDARD = gnu11;
				GCC_DYNAMIC_NO_PIC = NO;
				GCC_NO_COMMON_BLOCKS = YES;
				GCC_OPTIMIZATION_LEVEL = 0;
				GCC_PREPROCESSOR_DEFINITIONS = (
					"DEBUG=1",
					"$(inherited)",
				);
				GCC_WARN_64_TO_32_BIT_CONVERSION = YES;
				GCC_WARN_ABOUT_RETURN_TYPE = YES_ERROR;
				GCC_WARN_UNDECLARED_SELECTOR = YES;
				GCC_WARN_UNINITIALIZED_AUTOS = YES_AGGRESSIVE;
				GCC_WARN_UNUSED_FUNCTION = YES;
				GCC_WARN_UNUSED_VARIABLE = YES;
				IPHONEOS_DEPLOYMENT_TARGET = 14.1;
				MTL_ENABLE_DEBUG_INFO = INCLUDE_SOURCE;
				MTL_FAST_MATH = YES;
				ONLY_ACTIVE_ARCH = YES;
				SDKROOT = iphoneos;
				SWIFT_ACTIVE_COMPILATION_CONDITIONS = DEBUG;
				SWIFT_OPTIMIZATION_LEVEL = "-Onone";
			};
			name = Debug;
		};
		973D8D762541EEB100FEBB7C /* Release */ = {
			isa = XCBuildConfiguration;
			buildSettings = {
				ALWAYS_SEARCH_USER_PATHS = NO;
				CLANG_ANALYZER_NONNULL = YES;
				CLANG_ANALYZER_NUMBER_OBJECT_CONVERSION = YES_AGGRESSIVE;
				CLANG_CXX_LANGUAGE_STANDARD = "gnu++14";
				CLANG_CXX_LIBRARY = "libc++";
				CLANG_ENABLE_MODULES = YES;
				CLANG_ENABLE_OBJC_ARC = YES;
				CLANG_ENABLE_OBJC_WEAK = YES;
				CLANG_WARN_BLOCK_CAPTURE_AUTORELEASING = YES;
				CLANG_WARN_BOOL_CONVERSION = YES;
				CLANG_WARN_COMMA = YES;
				CLANG_WARN_CONSTANT_CONVERSION = YES;
				CLANG_WARN_DEPRECATED_OBJC_IMPLEMENTATIONS = YES;
				CLANG_WARN_DIRECT_OBJC_ISA_USAGE = YES_ERROR;
				CLANG_WARN_DOCUMENTATION_COMMENTS = YES;
				CLANG_WARN_EMPTY_BODY = YES;
				CLANG_WARN_ENUM_CONVERSION = YES;
				CLANG_WARN_INFINITE_RECURSION = YES;
				CLANG_WARN_INT_CONVERSION = YES;
				CLANG_WARN_NON_LITERAL_NULL_CONVERSION = YES;
				CLANG_WARN_OBJC_IMPLICIT_RETAIN_SELF = YES;
				CLANG_WARN_OBJC_LITERAL_CONVERSION = YES;
				CLANG_WARN_OBJC_ROOT_CLASS = YES_ERROR;
				CLANG_WARN_QUOTED_INCLUDE_IN_FRAMEWORK_HEADER = YES;
				CLANG_WARN_RANGE_LOOP_ANALYSIS = YES;
				CLANG_WARN_STRICT_PROTOTYPES = YES;
				CLANG_WARN_SUSPICIOUS_MOVE = YES;
				CLANG_WARN_UNGUARDED_AVAILABILITY = YES_AGGRESSIVE;
				CLANG_WARN_UNREACHABLE_CODE = YES;
				CLANG_WARN__DUPLICATE_METHOD_MATCH = YES;
				COPY_PHASE_STRIP = NO;
				DEBUG_INFORMATION_FORMAT = "dwarf-with-dsym";
				ENABLE_NS_ASSERTIONS = NO;
				ENABLE_STRICT_OBJC_MSGSEND = YES;
				GCC_C_LANGUAGE_STANDARD = gnu11;
				GCC_NO_COMMON_BLOCKS = YES;
				GCC_WARN_64_TO_32_BIT_CONVERSION = YES;
				GCC_WARN_ABOUT_RETURN_TYPE = YES_ERROR;
				GCC_WARN_UNDECLARED_SELECTOR = YES;
				GCC_WARN_UNINITIALIZED_AUTOS = YES_AGGRESSIVE;
				GCC_WARN_UNUSED_FUNCTION = YES;
				GCC_WARN_UNUSED_VARIABLE = YES;
				IPHONEOS_DEPLOYMENT_TARGET = 14.1;
				MTL_ENABLE_DEBUG_INFO = NO;
				MTL_FAST_MATH = YES;
				SDKROOT = iphoneos;
				SWIFT_COMPILATION_MODE = wholemodule;
				SWIFT_OPTIMIZATION_LEVEL = "-O";
				VALIDATE_PRODUCT = YES;
			};
			name = Release;
		};
		973D8D782541EEB100FEBB7C /* Debug */ = {
			isa = XCBuildConfiguration;
			baseConfigurationReference = F303DBEE65D507DFEEE72F4A /* Pods-PDB-Client-App.debug.xcconfig */;
			buildSettings = {
				ASSETCATALOG_COMPILER_APPICON_NAME = AppIcon;
				ASSETCATALOG_COMPILER_GLOBAL_ACCENT_COLOR_NAME = AccentColor;
				CODE_SIGN_STYLE = Automatic;
				DEVELOPMENT_ASSET_PATHS = "\"PDB-Client-App/Preview Content\"";
				DEVELOPMENT_TEAM = H45FFH24M7;
				ENABLE_PREVIEWS = YES;
				INFOPLIST_FILE = "PDB-Client-App/Info.plist";
				IPHONEOS_DEPLOYMENT_TARGET = 13.0;
				LD_RUNPATH_SEARCH_PATHS = (
					"$(inherited)",
					"@executable_path/Frameworks",
				);
				PRODUCT_BUNDLE_IDENTIFIER = "PDB.PDB-Client-App1";
				PRODUCT_NAME = "$(TARGET_NAME)";
				SWIFT_VERSION = 5.0;
				TARGETED_DEVICE_FAMILY = 1;
			};
			name = Debug;
		};
		973D8D792541EEB100FEBB7C /* Release */ = {
			isa = XCBuildConfiguration;
			baseConfigurationReference = CC7897901C9391C830B73DA1 /* Pods-PDB-Client-App.release.xcconfig */;
			buildSettings = {
				ASSETCATALOG_COMPILER_APPICON_NAME = AppIcon;
				ASSETCATALOG_COMPILER_GLOBAL_ACCENT_COLOR_NAME = AccentColor;
				CODE_SIGN_STYLE = Automatic;
				DEVELOPMENT_ASSET_PATHS = "\"PDB-Client-App/Preview Content\"";
				DEVELOPMENT_TEAM = H45FFH24M7;
				ENABLE_PREVIEWS = YES;
				INFOPLIST_FILE = "PDB-Client-App/Info.plist";
				IPHONEOS_DEPLOYMENT_TARGET = 13.0;
				LD_RUNPATH_SEARCH_PATHS = (
					"$(inherited)",
					"@executable_path/Frameworks",
				);
				PRODUCT_BUNDLE_IDENTIFIER = "PDB.PDB-Client-App1";
				PRODUCT_NAME = "$(TARGET_NAME)";
				SWIFT_VERSION = 5.0;
				TARGETED_DEVICE_FAMILY = 1;
			};
			name = Release;
		};
		973D8D7B2541EEB100FEBB7C /* Debug */ = {
			isa = XCBuildConfiguration;
			baseConfigurationReference = 5C4780D5B0B8F6FB287E9DC3 /* Pods-PDB-Client-AppTests.debug.xcconfig */;
			buildSettings = {
				ALWAYS_EMBED_SWIFT_STANDARD_LIBRARIES = YES;
				BUNDLE_LOADER = "$(TEST_HOST)";
				CODE_SIGN_STYLE = Automatic;
				DEVELOPMENT_TEAM = H45FFH24M7;
				INFOPLIST_FILE = "PDB-Client-AppTests/Info.plist";
				IPHONEOS_DEPLOYMENT_TARGET = 14.0;
				LD_RUNPATH_SEARCH_PATHS = (
					"$(inherited)",
					"@executable_path/Frameworks",
					"@loader_path/Frameworks",
				);
				PRODUCT_BUNDLE_IDENTIFIER = "PDB.PDB-Client-AppTests";
				PRODUCT_NAME = "$(TARGET_NAME)";
				SWIFT_VERSION = 5.0;
				TARGETED_DEVICE_FAMILY = "1,2";
				TEST_HOST = "$(BUILT_PRODUCTS_DIR)/PDB-Client-App.app/PDB-Client-App";
			};
			name = Debug;
		};
		973D8D7C2541EEB100FEBB7C /* Release */ = {
			isa = XCBuildConfiguration;
			baseConfigurationReference = 0E38F84A5C99E015C2D7C144 /* Pods-PDB-Client-AppTests.release.xcconfig */;
			buildSettings = {
				ALWAYS_EMBED_SWIFT_STANDARD_LIBRARIES = YES;
				BUNDLE_LOADER = "$(TEST_HOST)";
				CODE_SIGN_STYLE = Automatic;
				DEVELOPMENT_TEAM = H45FFH24M7;
				INFOPLIST_FILE = "PDB-Client-AppTests/Info.plist";
				IPHONEOS_DEPLOYMENT_TARGET = 14.0;
				LD_RUNPATH_SEARCH_PATHS = (
					"$(inherited)",
					"@executable_path/Frameworks",
					"@loader_path/Frameworks",
				);
				PRODUCT_BUNDLE_IDENTIFIER = "PDB.PDB-Client-AppTests";
				PRODUCT_NAME = "$(TARGET_NAME)";
				SWIFT_VERSION = 5.0;
				TARGETED_DEVICE_FAMILY = "1,2";
				TEST_HOST = "$(BUILT_PRODUCTS_DIR)/PDB-Client-App.app/PDB-Client-App";
			};
			name = Release;
		};
		973D8D7E2541EEB100FEBB7C /* Debug */ = {
			isa = XCBuildConfiguration;
			baseConfigurationReference = BAC3964845FAD049D0501F66 /* Pods-PDB-Client-App-PDB-Client-AppUITests.debug.xcconfig */;
			buildSettings = {
				ALWAYS_EMBED_SWIFT_STANDARD_LIBRARIES = YES;
				CODE_SIGN_STYLE = Automatic;
				DEVELOPMENT_TEAM = H45FFH24M7;
				INFOPLIST_FILE = "PDB-Client-AppUITests/Info.plist";
				LD_RUNPATH_SEARCH_PATHS = (
					"$(inherited)",
					"@executable_path/Frameworks",
					"@loader_path/Frameworks",
				);
				PRODUCT_BUNDLE_IDENTIFIER = "PDB.PDB-Client-AppUITests";
				PRODUCT_NAME = "$(TARGET_NAME)";
				SWIFT_VERSION = 5.0;
				TARGETED_DEVICE_FAMILY = "1,2";
				TEST_TARGET_NAME = "PDB-Client-App";
			};
			name = Debug;
		};
		973D8D7F2541EEB100FEBB7C /* Release */ = {
			isa = XCBuildConfiguration;
			baseConfigurationReference = CFC95AB9BAA0D62262E985A1 /* Pods-PDB-Client-App-PDB-Client-AppUITests.release.xcconfig */;
			buildSettings = {
				ALWAYS_EMBED_SWIFT_STANDARD_LIBRARIES = YES;
				CODE_SIGN_STYLE = Automatic;
				DEVELOPMENT_TEAM = H45FFH24M7;
				INFOPLIST_FILE = "PDB-Client-AppUITests/Info.plist";
				LD_RUNPATH_SEARCH_PATHS = (
					"$(inherited)",
					"@executable_path/Frameworks",
					"@loader_path/Frameworks",
				);
				PRODUCT_BUNDLE_IDENTIFIER = "PDB.PDB-Client-AppUITests";
				PRODUCT_NAME = "$(TARGET_NAME)";
				SWIFT_VERSION = 5.0;
				TARGETED_DEVICE_FAMILY = "1,2";
				TEST_TARGET_NAME = "PDB-Client-App";
			};
			name = Release;
		};
/* End XCBuildConfiguration section */

/* Begin XCConfigurationList section */
		973D8D4D2541EEAF00FEBB7C /* Build configuration list for PBXProject "PDB-Client-App" */ = {
			isa = XCConfigurationList;
			buildConfigurations = (
				973D8D752541EEB100FEBB7C /* Debug */,
				973D8D762541EEB100FEBB7C /* Release */,
			);
			defaultConfigurationIsVisible = 0;
			defaultConfigurationName = Release;
		};
		973D8D772541EEB100FEBB7C /* Build configuration list for PBXNativeTarget "PDB-Client-App" */ = {
			isa = XCConfigurationList;
			buildConfigurations = (
				973D8D782541EEB100FEBB7C /* Debug */,
				973D8D792541EEB100FEBB7C /* Release */,
			);
			defaultConfigurationIsVisible = 0;
			defaultConfigurationName = Release;
		};
		973D8D7A2541EEB100FEBB7C /* Build configuration list for PBXNativeTarget "PDB-Client-AppTests" */ = {
			isa = XCConfigurationList;
			buildConfigurations = (
				973D8D7B2541EEB100FEBB7C /* Debug */,
				973D8D7C2541EEB100FEBB7C /* Release */,
			);
			defaultConfigurationIsVisible = 0;
			defaultConfigurationName = Release;
		};
		973D8D7D2541EEB100FEBB7C /* Build configuration list for PBXNativeTarget "PDB-Client-AppUITests" */ = {
			isa = XCConfigurationList;
			buildConfigurations = (
				973D8D7E2541EEB100FEBB7C /* Debug */,
				973D8D7F2541EEB100FEBB7C /* Release */,
			);
			defaultConfigurationIsVisible = 0;
			defaultConfigurationName = Release;
		};
/* End XCConfigurationList section */

/* Begin XCRemoteSwiftPackageReference section */
		9733E967254CA9BF00034689 /* XCRemoteSwiftPackageReference "ASCollectionView" */ = {
			isa = XCRemoteSwiftPackageReference;
			repositoryURL = "https://github.com/apptekstudios/ASCollectionView";
			requirement = {
				kind = upToNextMajorVersion;
				minimumVersion = 1.7.1;
			};
		};
/* End XCRemoteSwiftPackageReference section */

/* Begin XCSwiftPackageProductDependency section */
		9733E968254CA9BF00034689 /* ASCollectionViewDynamic */ = {
			isa = XCSwiftPackageProductDependency;
			package = 9733E967254CA9BF00034689 /* XCRemoteSwiftPackageReference "ASCollectionView" */;
			productName = ASCollectionViewDynamic;
		};
/* End XCSwiftPackageProductDependency section */
	};
	rootObject = 973D8D4A2541EEAF00FEBB7C /* Project object */;
}
